// !$*UTF8*$!
{
	archiveVersion = 1;
	classes = {
	};
	objectVersion = 77;
	objects = {

/* Begin PBXBuildFile section */
		0042AEA41B981D157F040864 /* AppModel.swift in Sources */ = {isa = PBXBuildFile; fileRef = FC13FB98F064F67AB2187636 /* AppModel.swift */; };
		07C3BF96370CFBC42EBF64C0 /* SidebarView.swift in Sources */ = {isa = PBXBuildFile; fileRef = BCCE5225248828BF56B24F27 /* SidebarView.swift */; };
		1C4F41388134B567C66CDEC2 /* AppSettings.swift in Sources */ = {isa = PBXBuildFile; fileRef = EA5E10CD49C23658EEA57244 /* AppSettings.swift */; };
		2577B1CBF8791056FAE47ECF /* SettingsView.swift in Sources */ = {isa = PBXBuildFile; fileRef = B580DFD3B4507EAAC4C0DB97 /* SettingsView.swift */; };
		33D9DA3D8962040517AE5746 /* FolderOpenView.swift in Sources */ = {isa = PBXBuildFile; fileRef = FC832FB4A06344B92E957336 /* FolderOpenView.swift */; };
		402621765996F526DB134691 /* WysiwygEngine.swift in Sources */ = {isa = PBXBuildFile; fileRef = 12750DB5F5885CC0AF7C06A2 /* WysiwygEngine.swift */; };
		73E9A7FD99DEA3EC14C4B6A8 /* TagExtractor.swift in Sources */ = {isa = PBXBuildFile; fileRef = 68CA4E783C0848DB5608663A /* TagExtractor.swift */; };
		76A92C439DECF23CAC694D84 /* AppShellView.swift in Sources */ = {isa = PBXBuildFile; fileRef = ED6F0797BF320978F6417590 /* AppShellView.swift */; };
		87E6A02F8DD5E62C1A119B90 /* NoteListView.swift in Sources */ = {isa = PBXBuildFile; fileRef = 0D1067E68B0012FB420F1D40 /* NoteListView.swift */; };
		96BEB26FE3BE3C1BAB4F8F71 /* NotelyApp.swift in Sources */ = {isa = PBXBuildFile; fileRef = 3F92311962A01A52B450F566 /* NotelyApp.swift */; };
		97B9840F54C3F8B26A63CC08 /* Assets.xcassets in Resources */ = {isa = PBXBuildFile; fileRef = A5693582B5792899EADACC22 /* Assets.xcassets */; };
		A11EC83643B6760EF2A5FEC0 /* NoteCardView.swift in Sources */ = {isa = PBXBuildFile; fileRef = 47AB666D4EA829964BC9AEDD /* NoteCardView.swift */; };
		7A1B2C3D4E5F60718293A4E6 /* NoteCardSummary.swift in Sources */ = {isa = PBXBuildFile; fileRef = 7A1B2C3D4E5F60718293A4E5 /* NoteCardSummary.swift */; };
		B3F55969806245A31F0F94E7 /* WysiwygTextView.swift in Sources */ = {isa = PBXBuildFile; fileRef = 95F04AAD312B1139EC7FA8DC /* WysiwygTextView.swift */; };
		B6E59F1EB3D9260C1375C59C /* NoteModel.swift in Sources */ = {isa = PBXBuildFile; fileRef = 051335655F5AEF97F593867C /* NoteModel.swift */; };
		BDA671EA0B3446241CA15312 /* FileNoteStore.swift in Sources */ = {isa = PBXBuildFile; fileRef = 9390B0509CE4E1E21BA020B4 /* FileNoteStore.swift */; };
		C034C801EBAB47DF6156C0A0 /* ImageAttachment.swift in Sources */ = {isa = PBXBuildFile; fileRef = 65A3B1ABF107ECCBBF6D9172 /* ImageAttachment.swift */; };
		7A1B2C3D4E5F60718293A4D6 /* CursorMapping.swift in Sources */ = {isa = PBXBuildFile; fileRef = 7A1B2C3D4E5F60718293A4D5 /* CursorMapping.swift */; };
		7A1B2C3D4E5F60718293A4B6 /* MarkdownTable.swift in Sources */ = {isa = PBXBuildFile; fileRef = 7A1B2C3D4E5F60718293A4B5 /* MarkdownTable.swift */; };
		7A1B2C3D4E5F60718293A4C6 /* LatexMath.swift in Sources */ = {isa = PBXBuildFile; fileRef = 7A1B2C3D4E5F60718293A4C5 /* LatexMath.swift */; };
		C49FAA123F69F37D5D946DD6 /* ColorTokens.swift in Sources */ = {isa = PBXBuildFile; fileRef = 62A4085CE734D06BACDB912F /* ColorTokens.swift */; };
		D2889E648CC1EA5E1943F8C4 /* DataController.swift in Sources */ = {isa = PBXBuildFile; fileRef = 8E1635F8EC09DAC796A3A7B3 /* DataController.swift */; };
		DA0179ABF49A24D713E6C70C /* EmptyStateView.swift in Sources */ = {isa = PBXBuildFile; fileRef = C7A27F620B88621EE564C564 /* EmptyStateView.swift */; };
		DA1C5BC8DF33C0DB85CC2167 /* FileNote.swift in Sources */ = {isa = PBXBuildFile; fileRef = DCF1FEF34613D6755052666A /* FileNote.swift */; };
		DB4658A93567D89048472713 /* TitleExtractor.swift in Sources */ = {isa = PBXBuildFile; fileRef = 4A7B5B3D54248B16FAE60081 /* TitleExtractor.swift */; };
		E49CB7CEF8BB110591720FB1 /* EditorView.swift in Sources */ = {isa = PBXBuildFile; fileRef = 862F15E8D1FA0A7E757E7F92 /* EditorView.swift */; };
		FE518D7B91FF175DA7482FB8 /* EditorContainerView.swift in Sources */ = {isa = PBXBuildFile; fileRef = 42B5746C3AF4A0D882715D97 /* EditorContainerView.swift */; };
/* End PBXBuildFile section */

/* Begin PBXFileReference section */
		051335655F5AEF97F593867C /* NoteModel.swift */ = {isa = PBXFileReference; lastKnownFileType = sourcecode.swift; path = NoteModel.swift; sourceTree = "<group>"; };
		0D1067E68B0012FB420F1D40 /* NoteListView.swift */ = {isa = PBXFileReference; lastKnownFileType = sourcecode.swift; path = NoteListView.swift; sourceTree = "<group>"; };
		12750DB5F5885CC0AF7C06A2 /* WysiwygEngine.swift */ = {isa = PBXFileReference; lastKnownFileType = sourcecode.swift; path = WysiwygEngine.swift; sourceTree = "<group>"; };
		3F92311962A01A52B450F566 /* NotelyApp.swift */ = {isa = PBXFileReference; lastKnownFileType = sourcecode.swift; path = NotelyApp.swift; sourceTree = "<group>"; };
		41504AFB5496F8D42652D3DE /* Notely.app */ = {isa = PBXFileReference; explicitFileType = wrapper.application; includeInIndex = 0; path = Notely.app; sourceTree = BUILT_PRODUCTS_DIR; };
		42B5746C3AF4A0D882715D97 /* EditorContainerView.swift */ = {isa = PBXFileReference; lastKnownFileType = sourcecode.swift; path = EditorContainerView.swift; sourceTree = "<group>"; };
		47AB666D4EA829964BC9AEDD /* NoteCardView.swift */ = {isa = PBXFileReference; lastKnownFileType = sourcecode.swift; path = NoteCardView.swift; sourceTree = "<group>"; };
		7A1B2C3D4E5F60718293A4E5 /* NoteCardSummary.swift */ = {isa = PBXFileReference; lastKnownFileType = sourcecode.swift; path = NoteCardSummary.swift; sourceTree = "<group>"; };
		4A7B5B3D54248B16FAE60081 /* TitleExtractor.swift */ = {isa = PBXFileReference; lastKnownFileType = sourcecode.swift; path = TitleExtractor.swift; sourceTree = "<group>"; };
		62A4085CE734D06BACDB912F /* ColorTokens.swift */ = {isa = PBXFileReference; lastKnownFileType = sourcecode.swift; path = ColorTokens.swift; sourceTree = "<group>"; };
		65A3B1ABF107ECCBBF6D9172 /* ImageAttachment.swift */ = {isa = PBXFileReference; lastKnownFileType = sourcecode.swift; path = ImageAttachment.swift; sourceTree = "<group>"; };
		7A1B2C3D4E5F60718293A4D5 /* CursorMapping.swift */ = {isa = PBXFileReference; lastKnownFileType = sourcecode.swift; path = CursorMapping.swift; sourceTree = "<group>"; };
		7A1B2C3D4E5F60718293A4B5 /* MarkdownTable.swift */ = {isa = PBXFileReference; lastKnownFileType = sourcecode.swift; path = MarkdownTable.swift; sourceTree = "<group>"; };
		7A1B2C3D4E5F60718293A4C5 /* LatexMath.swift */ = {isa = PBXFileReference; lastKnownFileType = sourcecode.swift; path = LatexMath.swift; sourceTree = "<group>"; };
		68CA4E783C0848DB5608663A /* TagExtractor.swift */ = {isa = PBXFileReference; lastKnownFileType = sourcecode.swift; path = TagExtractor.swift; sourceTree = "<group>"; };
		862F15E8D1FA0A7E757E7F92 /* EditorView.swift */ = {isa = PBXFileReference; lastKnownFileType = sourcecode.swift; path = EditorView.swift; sourceTree = "<group>"; };
		8E1635F8EC09DAC796A3A7B3 /* DataController.swift */ = {isa = PBXFileReference; lastKnownFileType = sourcecode.swift; path = DataController.swift; sourceTree = "<group>"; };
		9390B0509CE4E1E21BA020B4 /* FileNoteStore.swift */ = {isa = PBXFileReference; lastKnownFileType = sourcecode.swift; path = FileNoteStore.swift; sourceTree = "<group>"; };
		95F04AAD312B1139EC7FA8DC /* WysiwygTextView.swift */ = {isa = PBXFileReference; lastKnownFileType = sourcecode.swift; path = WysiwygTextView.swift; sourceTree = "<group>"; };
		A5693582B5792899EADACC22 /* Assets.xcassets */ = {isa = PBXFileReference; lastKnownFileType = folder.assetcatalog; path = Assets.xcassets; sourceTree = "<group>"; };
		B580DFD3B4507EAAC4C0DB97 /* SettingsView.swift */ = {isa = PBXFileReference; lastKnownFileType = sourcecode.swift; path = SettingsView.swift; sourceTree = "<group>"; };
		BCCE5225248828BF56B24F27 /* SidebarView.swift */ = {isa = PBXFileReference; lastKnownFileType = sourcecode.swift; path = SidebarView.swift; sourceTree = "<group>"; };
		C4E236F5BA7A0B7355D7B83C /* Info.plist */ = {isa = PBXFileReference; lastKnownFileType = text.plist; path = Info.plist; sourceTree = "<group>"; };
		C7A27F620B88621EE564C564 /* EmptyStateView.swift */ = {isa = PBXFileReference; lastKnownFileType = sourcecode.swift; path = EmptyStateView.swift; sourceTree = "<group>"; };
		DCF1FEF34613D6755052666A /* FileNote.swift */ = {isa = PBXFileReference; lastKnownFileType = sourcecode.swift; path = FileNote.swift; sourceTree = "<group>"; };
		EA5E10CD49C23658EEA57244 /* AppSettings.swift */ = {isa = PBXFileReference; lastKnownFileType = sourcecode.swift; path = AppSettings.swift; sourceTree = "<group>"; };
		ED6F0797BF320978F6417590 /* AppShellView.swift */ = {isa = PBXFileReference; lastKnownFileType = sourcecode.swift; path = AppShellView.swift; sourceTree = "<group>"; };
		FC13FB98F064F67AB2187636 /* AppModel.swift */ = {isa = PBXFileReference; lastKnownFileType = sourcecode.swift; path = AppModel.swift; sourceTree = "<group>"; };
		FC832FB4A06344B92E957336 /* FolderOpenView.swift */ = {isa = PBXFileReference; lastKnownFileType = sourcecode.swift; path = FolderOpenView.swift; sourceTree = "<group>"; };
/* End PBXFileReference section */

/* Begin PBXGroup section */
		1476203DF4F36E60A03F3BA6 /* Products */ = {
			isa = PBXGroup;
			children = (
				41504AFB5496F8D42652D3DE /* Notely.app */,
			);
			name = Products;
			sourceTree = "<group>";
		};
		286A30EB1EA0C9B09862F6FE /* Notely */ = {
			isa = PBXGroup;
			children = (
				C4E236F5BA7A0B7355D7B83C /* Info.plist */,
				3F92311962A01A52B450F566 /* NotelyApp.swift */,
				4CD1B7D4D642F6D76AED4D3F /* App */,
				8A7F0C77DB7853F84C02AE42 /* Models */,
				D4A78F3D02C560670EFEBA60 /* Resources */,
				A5EA49413765832DCB6F8B1F /* Services */,
				3DB19FDF7E4E557DB9C1DC92 /* Utils */,
				3E3448EEF117A7A4DCDA4A84 /* Views */,
			);
			path = Notely;
			sourceTree = "<group>";
		};
		30E11D5D6BD4E37800B83CC5 /* Editor */ = {
			isa = PBXGroup;
			children = (
				42B5746C3AF4A0D882715D97 /* EditorContainerView.swift */,
				862F15E8D1FA0A7E757E7F92 /* EditorView.swift */,
				65A3B1ABF107ECCBBF6D9172 /* ImageAttachment.swift */,
				7A1B2C3D4E5F60718293A4D5 /* CursorMapping.swift */,
				7A1B2C3D4E5F60718293A4B5 /* MarkdownTable.swift */,
				7A1B2C3D4E5F60718293A4C5 /* LatexMath.swift */,
				12750DB5F5885CC0AF7C06A2 /* WysiwygEngine.swift */,
				95F04AAD312B1139EC7FA8DC /* WysiwygTextView.swift */,
			);
			path = Editor;
			sourceTree = "<group>";
		};
		3DB19FDF7E4E557DB9C1DC92 /* Utils */ = {
			isa = PBXGroup;
			children = (
				62A4085CE734D06BACDB912F /* ColorTokens.swift */,
			);
			path = Utils;
			sourceTree = "<group>";
		};
		3E3448EEF117A7A4DCDA4A84 /* Views */ = {
			isa = PBXGroup;
			children = (
				FC832FB4A06344B92E957336 /* FolderOpenView.swift */,
				30E11D5D6BD4E37800B83CC5 /* Editor */,
				EE75D47D3AD44986921427A0 /* NoteList */,
				C33BE59A04C02E376255BCA1 /* Settings */,
				C78231787FEC1F68D648EBCB /* Sidebar */,
			);
			path = Views;
			sourceTree = "<group>";
		};
		4CD1B7D4D642F6D76AED4D3F /* App */ = {
			isa = PBXGroup;
			children = (
				FC13FB98F064F67AB2187636 /* AppModel.swift */,
				ED6F0797BF320978F6417590 /* AppShellView.swift */,
				8E1635F8EC09DAC796A3A7B3 /* DataController.swift */,
			);
			path = App;
			sourceTree = "<group>";
		};
		8A7F0C77DB7853F84C02AE42 /* Models */ = {
			isa = PBXGroup;
			children = (
				EA5E10CD49C23658EEA57244 /* AppSettings.swift */,
				DCF1FEF34613D6755052666A /* FileNote.swift */,
				051335655F5AEF97F593867C /* NoteModel.swift */,
			);
			path = Models;
			sourceTree = "<group>";
		};
		9F0E9D0276B21F86EF4FC1D7 = {
			isa = PBXGroup;
			children = (
				286A30EB1EA0C9B09862F6FE /* Notely */,
				1476203DF4F36E60A03F3BA6 /* Products */,
			);
			sourceTree = "<group>";
		};
		A5EA49413765832DCB6F8B1F /* Services */ = {
			isa = PBXGroup;
			children = (
				9390B0509CE4E1E21BA020B4 /* FileNoteStore.swift */,
				68CA4E783C0848DB5608663A /* TagExtractor.swift */,
				4A7B5B3D54248B16FAE60081 /* TitleExtractor.swift */,
			);
			path = Services;
			sourceTree = "<group>";
		};
		C33BE59A04C02E376255BCA1 /* Settings */ = {
			isa = PBXGroup;
			children = (
				B580DFD3B4507EAAC4C0DB97 /* SettingsView.swift */,
			);
			path = Settings;
			sourceTree = "<group>";
		};
		C78231787FEC1F68D648EBCB /* Sidebar */ = {
			isa = PBXGroup;
			children = (
				BCCE5225248828BF56B24F27 /* SidebarView.swift */,
			);
			path = Sidebar;
			sourceTree = "<group>";
		};
		D4A78F3D02C560670EFEBA60 /* Resources */ = {
			isa = PBXGroup;
			children = (
				A5693582B5792899EADACC22 /* Assets.xcassets */,
			);
			path = Resources;
			sourceTree = "<group>";
		};
		EE75D47D3AD44986921427A0 /* NoteList */ = {
			isa = PBXGroup;
			children = (
				C7A27F620B88621EE564C564 /* EmptyStateView.swift */,
				47AB666D4EA829964BC9AEDD /* NoteCardView.swift */,
				7A1B2C3D4E5F60718293A4E5 /* NoteCardSummary.swift */,
				0D1067E68B0012FB420F1D40 /* NoteListView.swift */,
			);
			path = NoteList;
			sourceTree = "<group>";
		};
/* End PBXGroup section */

/* Begin PBXNativeTarget section */
		73C60022471BF162D6737E32 /* Notely */ = {
			isa = PBXNativeTarget;
			buildConfigurationList = DF3013061106ADFEB1B01576 /* Build configuration list for PBXNativeTarget "Notely" */;
			buildPhases = (
				E3F71D22FA25E850DB398D11 /* Sources */,
				60BA8F1D077E6301851E3F27 /* Resources */,
			);
			buildRules = (
			);
			dependencies = (
			);
			name = Notely;
			packageProductDependencies = (
			);
			productName = Notely;
			productReference = 41504AFB5496F8D42652D3DE /* Notely.app */;
			productType = "com.apple.product-type.application";
		};
/* End PBXNativeTarget section */

/* Begin PBXProject section */
		8817E13DE04FB3B1253F1D01 /* Project object */ = {
			isa = PBXProject;
			attributes = {
				BuildIndependentTargetsInParallel = YES;
				LastUpgradeCheck = 1430;
			};
			buildConfigurationList = BA98776EAE65A129494B892A /* Build configuration list for PBXProject "Notely" */;
			compatibilityVersion = "Xcode 14.0";
			developmentRegion = en;
			hasScannedForEncodings = 0;
			knownRegions = (
				Base,
				en,
			);
			mainGroup = 9F0E9D0276B21F86EF4FC1D7;
			minimizedProjectReferenceProxies = 1;
			preferredProjectObjectVersion = 77;
			projectDirPath = "";
			projectRoot = "";
			targets = (
				73C60022471BF162D6737E32 /* Notely */,
			);
		};
/* End PBXProject section */

/* Begin PBXResourcesBuildPhase section */
		60BA8F1D077E6301851E3F27 /* Resources */ = {
			isa = PBXResourcesBuildPhase;
			buildActionMask = 2147483647;
			files = (
				97B9840F54C3F8B26A63CC08 /* Assets.xcassets in Resources */,
			);
			runOnlyForDeploymentPostprocessing = 0;
		};
/* End PBXResourcesBuildPhase section */

/* Begin PBXSourcesBuildPhase section */
		E3F71D22FA25E850DB398D11 /* Sources */ = {
			isa = PBXSourcesBuildPhase;
			buildActionMask = 2147483647;
			files = (
				0042AEA41B981D157F040864 /* AppModel.swift in Sources */,
				1C4F41388134B567C66CDEC2 /* AppSettings.swift in Sources */,
				76A92C439DECF23CAC694D84 /* AppShellView.swift in Sources */,
				C49FAA123F69F37D5D946DD6 /* ColorTokens.swift in Sources */,
				D2889E648CC1EA5E1943F8C4 /* DataController.swift in Sources */,
				FE518D7B91FF175DA7482FB8 /* EditorContainerView.swift in Sources */,
				E49CB7CEF8BB110591720FB1 /* EditorView.swift in Sources */,
				DA0179ABF49A24D713E6C70C /* EmptyStateView.swift in Sources */,
				DA1C5BC8DF33C0DB85CC2167 /* FileNote.swift in Sources */,
				BDA671EA0B3446241CA15312 /* FileNoteStore.swift in Sources */,
				33D9DA3D8962040517AE5746 /* FolderOpenView.swift in Sources */,
				C034C801EBAB47DF6156C0A0 /* ImageAttachment.swift in Sources */,
				7A1B2C3D4E5F60718293A4D6 /* CursorMapping.swift in Sources */,
				7A1B2C3D4E5F60718293A4B6 /* MarkdownTable.swift in Sources */,
				7A1B2C3D4E5F60718293A4C6 /* LatexMath.swift in Sources */,
				A11EC83643B6760EF2A5FEC0 /* NoteCardView.swift in Sources */,
				7A1B2C3D4E5F60718293A4E6 /* NoteCardSummary.swift in Sources */,
				87E6A02F8DD5E62C1A119B90 /* NoteListView.swift in Sources */,
				B6E59F1EB3D9260C1375C59C /* NoteModel.swift in Sources */,
				96BEB26FE3BE3C1BAB4F8F71 /* NotelyApp.swift in Sources */,
				2577B1CBF8791056FAE47ECF /* SettingsView.swift in Sources */,
				07C3BF96370CFBC42EBF64C0 /* SidebarView.swift in Sources */,
				73E9A7FD99DEA3EC14C4B6A8 /* TagExtractor.swift in Sources */,
				DB4658A93567D89048472713 /* TitleExtractor.swift in Sources */,
				402621765996F526DB134691 /* WysiwygEngine.swift in Sources */,
				B3F55969806245A31F0F94E7 /* WysiwygTextView.swift in Sources */,
			);
			runOnlyForDeploymentPostprocessing = 0;
		};
/* End PBXSourcesBuildPhase section */

/* Begin XCBuildConfiguration section */
		022D4BDD9BB2E676D1C52B78 /* Release */ = {
			isa = XCBuildConfiguration;
			buildSettings = {
				ASSETCATALOG_COMPILER_APPICON_NAME = AppIcon;
				COMBINE_HIDPI_IMAGES = YES;
				ENABLE_PREVIEWS = YES;
				INFOPLIST_FILE = Notely/Info.plist;
				LD_RUNPATH_SEARCH_PATHS = (
					"$(inherited)",
					"@executable_path/../Frameworks",
				);
				MACOSX_DEPLOYMENT_TARGET = 14.0;
				SDKROOT = macosx;
			};
			name = Release;
		};
		6FFEAB1D4021EAFA16381025 /* Debug */ = {
			isa = XCBuildConfiguration;
			buildSettings = {
				ALWAYS_SEARCH_USER_PATHS = NO;
				CLANG_ANALYZER_NONNULL = YES;
				CLANG_ANALYZER_NUMBER_OBJECT_CONVERSION = YES_AGGRESSIVE;
				CLANG_CXX_LANGUAGE_STANDARD = "gnu++14";
				CLANG_CXX_LIBRARY = "libc++";
				CLANG_ENABLE_MODULES = YES;
				CLANG_ENABLE_OBJC_ARC = YES;
				CLANG_ENABLE_OBJC_WEAK = YES;
				CLANG_WARN_BLOCK_CAPTURE_AUTORELEASING = YES;
				CLANG_WARN_BOOL_CONVERSION = YES;
				CLANG_WARN_COMMA = YES;
				CLANG_WARN_CONSTANT_CONVERSION = YES;
				CLANG_WARN_DEPRECATED_OBJC_IMPLEMENTATIONS = YES;
				CLANG_WARN_DIRECT_OBJC_ISA_USAGE = YES_ERROR;
				CLANG_WARN_DOCUMENTATION_COMMENTS = YES;
				CLANG_WARN_EMPTY_BODY = YES;
				CLANG_WARN_ENUM_CONVERSION = YES;
				CLANG_WARN_INFINITE_RECURSION = YES;
				CLANG_WARN_INT_CONVERSION = YES;
				CLANG_WARN_NON_LITERAL_NULL_CONVERSION = YES;
				CLANG_WARN_OBJC_IMPLICIT_RETAIN_SELF = YES;
				CLANG_WARN_OBJC_LITERAL_CONVERSION = YES;
				CLANG_WARN_OBJC_ROOT_CLASS = YES_ERROR;
				CLANG_WARN_QUOTED_INCLUDE_IN_FRAMEWORK_HEADER = YES;
				CLANG_WARN_RANGE_LOOP_ANALYSIS = YES;
				CLANG_WARN_STRICT_PROTOTYPES = YES;
				CLANG_WARN_SUSPICIOUS_MOVE = YES;
				CLANG_WARN_UNGUARDED_AVAILABILITY = YES_AGGRESSIVE;
				CLANG_WARN_UNREACHABLE_CODE = YES;
				CLANG_WARN__DUPLICATE_METHOD_MATCH = YES;
				CODE_SIGNING_ALLOWED = NO;
				CODE_SIGNING_REQUIRED = NO;
				CODE_SIGN_IDENTITY = "-";
				COPY_PHASE_STRIP = NO;
				CURRENT_PROJECT_VERSION = 1;
				DEBUG_INFORMATION_FORMAT = dwarf;
				ENABLE_HARDENED_RUNTIME = NO;
				ENABLE_STRICT_OBJC_MSGSEND = YES;
				ENABLE_TESTABILITY = YES;
				GCC_C_LANGUAGE_STANDARD = gnu11;
				GCC_DYNAMIC_NO_PIC = NO;
				GCC_NO_COMMON_BLOCKS = YES;
				GCC_OPTIMIZATION_LEVEL = 0;
				GCC_PREPROCESSOR_DEFINITIONS = (
					"$(inherited)",
					"DEBUG=1",
				);
				GCC_WARN_64_TO_32_BIT_CONVERSION = YES;
				GCC_WARN_ABOUT_RETURN_TYPE = YES_ERROR;
				GCC_WARN_UNDECLARED_SELECTOR = YES;
				GCC_WARN_UNINITIALIZED_AUTOS = YES_AGGRESSIVE;
				GCC_WARN_UNUSED_FUNCTION = YES;
				GCC_WARN_UNUSED_VARIABLE = YES;
				INFOPLIST_KEY_LSApplicationCategoryType = "public.app-category.productivity";
				INFOPLIST_KEY_NSHumanReadableCopyright = "Copyright (c) 2025 Dylan Deng";
				MACOSX_DEPLOYMENT_TARGET = 14.0;
				MARKETING_VERSION = 0.3.0;
				MTL_ENABLE_DEBUG_INFO = INCLUDE_SOURCE;
				MTL_FAST_MATH = YES;
				ONLY_ACTIVE_ARCH = YES;
				PRODUCT_BUNDLE_IDENTIFIER = com.notes.app;
				PRODUCT_NAME = Notely;
				SDKROOT = macosx;
				SWIFT_ACTIVE_COMPILATION_CONDITIONS = DEBUG;
				SWIFT_OPTIMIZATION_LEVEL = "-Onone";
				SWIFT_VERSION = 5.9;
			};
			name = Debug;
		};
		BD1D8C6ED432B2CC6245D85F /* Release */ = {
			isa = XCBuildConfiguration;
			buildSettings = {
				ALWAYS_SEARCH_USER_PATHS = NO;
				CLANG_ANALYZER_NONNULL = YES;
				CLANG_ANALYZER_NUMBER_OBJECT_CONVERSION = YES_AGGRESSIVE;
				CLANG_CXX_LANGUAGE_STANDARD = "gnu++14";
				CLANG_CXX_LIBRARY = "libc++";
				CLANG_ENABLE_MODULES = YES;
				CLANG_ENABLE_OBJC_ARC = YES;
				CLANG_ENABLE_OBJC_WEAK = YES;
				CLANG_WARN_BLOCK_CAPTURE_AUTORELEASING = YES;
				CLANG_WARN_BOOL_CONVERSION = YES;
				CLANG_WARN_COMMA = YES;
				CLANG_WARN_CONSTANT_CONVERSION = YES;
				CLANG_WARN_DEPRECATED_OBJC_IMPLEMENTATIONS = YES;
				CLANG_WARN_DIRECT_OBJC_ISA_USAGE = YES_ERROR;
				CLANG_WARN_DOCUMENTATION_COMMENTS = YES;
				CLANG_WARN_EMPTY_BODY = YES;
				CLANG_WARN_ENUM_CONVERSION = YES;
				CLANG_WARN_INFINITE_RECURSION = YES;
				CLANG_WARN_INT_CONVERSION = YES;
				CLANG_WARN_NON_LITERAL_NULL_CONVERSION = YES;
				CLANG_WARN_OBJC_IMPLICIT_RETAIN_SELF = YES;
				CLANG_WARN_OBJC_LITERAL_CONVERSION = YES;
				CLANG_WARN_OBJC_ROOT_CLASS = YES_ERROR;
				CLANG_WARN_QUOTED_INCLUDE_IN_FRAMEWORK_HEADER = YES;
				CLANG_WARN_RANGE_LOOP_ANALYSIS = YES;
				CLANG_WARN_STRICT_PROTOTYPES = YES;
				CLANG_WARN_SUSPICIOUS_MOVE = YES;
				CLANG_WARN_UNGUARDED_AVAILABILITY = YES_AGGRESSIVE;
				CLANG_WARN_UNREACHABLE_CODE = YES;
				CLANG_WARN__DUPLICATE_METHOD_MATCH = YES;
				CODE_SIGNING_ALLOWED = NO;
				CODE_SIGNING_REQUIRED = NO;
				CODE_SIGN_IDENTITY = "-";
				COPY_PHASE_STRIP = NO;
				CURRENT_PROJECT_VERSION = 1;
				DEBUG_INFORMATION_FORMAT = "dwarf-with-dsym";
				ENABLE_HARDENED_RUNTIME = NO;
				ENABLE_NS_ASSERTIONS = NO;
				ENABLE_STRICT_OBJC_MSGSEND = YES;
				GCC_C_LANGUAGE_STANDARD = gnu11;
				GCC_NO_COMMON_BLOCKS = YES;
				GCC_WARN_64_TO_32_BIT_CONVERSION = YES;
				GCC_WARN_ABOUT_RETURN_TYPE = YES_ERROR;
				GCC_WARN_UNDECLARED_SELECTOR = YES;
				GCC_WARN_UNINITIALIZED_AUTOS = YES_AGGRESSIVE;
				GCC_WARN_UNUSED_FUNCTION = YES;
				GCC_WARN_UNUSED_VARIABLE = YES;
				INFOPLIST_KEY_LSApplicationCategoryType = "public.app-category.productivity";
				INFOPLIST_KEY_NSHumanReadableCopyright = "Copyright (c) 2025 Dylan Deng";
				MACOSX_DEPLOYMENT_TARGET = 14.0;
				MARKETING_VERSION = 0.3.0;
				MTL_ENABLE_DEBUG_INFO = NO;
				MTL_FAST_MATH = YES;
				PRODUCT_BUNDLE_IDENTIFIER = com.notes.app;
				PRODUCT_NAME = Notely;
				SDKROOT = macosx;
				SWIFT_COMPILATION_MODE = wholemodule;
				SWIFT_OPTIMIZATION_LEVEL = "-O";
				SWIFT_VERSION = 5.9;
			};
			name = Release;
		};
		BEEC7348DDF383B7F006A111 /* Debug */ = {
			isa = XCBuildConfiguration;
			buildSettings = {
				ASSETCATALOG_COMPILER_APPICON_NAME = AppIcon;
				COMBINE_HIDPI_IMAGES = YES;
				ENABLE_PREVIEWS = YES;
				INFOPLIST_FILE = Notely/Info.plist;
				LD_RUNPATH_SEARCH_PATHS = (
					"$(inherited)",
					"@executable_path/../Frameworks",
				);
				MACOSX_DEPLOYMENT_TARGET = 14.0;
				SDKROOT = macosx;
			};
			name = Debug;
		};
/* End XCBuildConfiguration section */

/* Begin XCConfigurationList section */
		BA98776EAE65A129494B892A /* Build configuration list for PBXProject "Notely" */ = {
			isa = XCConfigurationList;
			buildConfigurations = (
				6FFEAB1D4021EAFA16381025 /* Debug */,
				BD1D8C6ED432B2CC6245D85F /* Release */,
			);
			defaultConfigurationIsVisible = 0;
			defaultConfigurationName = Debug;
		};
		DF3013061106ADFEB1B01576 /* Build configuration list for PBXNativeTarget "Notely" */ = {
			isa = XCConfigurationList;
			buildConfigurations = (
				BEEC7348DDF383B7F006A111 /* Debug */,
				022D4BDD9BB2E676D1C52B78 /* Release */,
			);
			defaultConfigurationIsVisible = 0;
			defaultConfigurationName = Debug;
		};
/* End XCConfigurationList section */
	};
	rootObject = 8817E13DE04FB3B1253F1D01 /* Project object */;
}
